<?xml version="1.0" encoding="utf-8"?>
<Project ToolsVersion="4.0" xmlns="http://schemas.microsoft.com/developer/msbuild/2003">
  <ItemGroup>
    <Filter Include="NetLibrary">
      <UniqueIdentifier>{4FC737F1-C7A5-4376-A066-2A32D752A2FF}</UniqueIdentifier>
      <Extensions>cpp;c;cc;cxx;c++;cppm;ixx;def;odl;idl;hpj;bat;asm;asmx</Extensions>
    </Filter>
    <Filter Include="ChatServer">
      <UniqueIdentifier>{93995380-89BD-4b04-88EB-625FBE52EBFB}</UniqueIdentifier>
      <Extensions>h;hh;hpp;hxx;h++;hm;inl;inc;ipp;xsd</Extensions>
    </Filter>
    <Filter Include="NetLibrary\CrashDump">
      <UniqueIdentifier>{631b4018-08ae-4476-8983-8439702de195}</UniqueIdentifier>
    </Filter>
    <Filter Include="NetLibrary\DataStructure">
      <UniqueIdentifier>{5108136d-f669-4071-a8b7-736ee5fcddb1}</UniqueIdentifier>
    </Filter>
    <Filter Include="NetLibrary\Logger">
      <UniqueIdentifier>{e105e432-4b6a-43f3-8674-09ea7ab1b601}</UniqueIdentifier>
    </Filter>
    <Filter Include="NetLibrary\Memory">
      <UniqueIdentifier>{121c5653-31f8-46de-8a1b-b5952c19b1dc}</UniqueIdentifier>
    </Filter>
    <Filter Include="NetLibrary\NetServer">
      <UniqueIdentifier>{5c86f214-82f6-4ebd-90af-54c0098f292b}</UniqueIdentifier>
    </Filter>
    <Filter Include="NetLibrary\Profiler">
      <UniqueIdentifier>{c4ab1386-2b57-42b3-9e0e-14d0ed90aa36}</UniqueIdentifier>
    </Filter>
    <Filter Include="NetLibrary\Tool">
      <UniqueIdentifier>{9c6a9855-6005-42c3-8cdf-2b92df1fa43e}</UniqueIdentifier>
    </Filter>
    <Filter Include="Main">
      <UniqueIdentifier>{5bfdd532-f36c-4d72-8268-eb1129a42ccc}</UniqueIdentifier>
    </Filter>
  </ItemGroup>
  <ItemGroup>
    <ClCompile Include="NetLibrary\CrashDump\CrashDump.cpp">
      <Filter>NetLibrary\CrashDump</Filter>
    </ClCompile>
    <ClCompile Include="NetLibrary\Logger\Logger.cpp">
      <Filter>NetLibrary\Logger</Filter>
    </ClCompile>
    <ClCompile Include="NetLibrary\NetServer\NetServer.cpp">
      <Filter>NetLibrary\NetServer</Filter>
    </ClCompile>
    <ClCompile Include="NetLibrary\NetServer\Session.cpp">
      <Filter>NetLibrary\NetServer</Filter>
    </ClCompile>
    <ClCompile Include="NetLibrary\Profiler\Profiler.cpp">
      <Filter>NetLibrary\Profiler</Filter>
    </ClCompile>
    <ClCompile Include="main.cpp">
      <Filter>Main</Filter>
    </ClCompile>
    <ClCompile Include="ChatServer.cpp">
      <Filter>ChatServer</Filter>
    </ClCompile>
    <ClCompile Include="NetLibrary\NetServer\NetClient.cpp">
      <Filter>NetLibrary\NetServer</Filter>
    </ClCompile>
  </ItemGroup>
  <ItemGroup>
    <ClInclude Include="NetLibrary\CrashDump\CrashDump.h">
      <Filter>NetLibrary\CrashDump</Filter>
    </ClInclude>
    <ClInclude Include="NetLibrary\DataStructure\LockFreeQueue.h">
      <Filter>NetLibrary\DataStructure</Filter>
    </ClInclude>
    <ClInclude Include="NetLibrary\DataStructure\LockFreeStack.h">
      <Filter>NetLibrary\DataStructure</Filter>
    </ClInclude>
    <ClInclude Include="NetLibrary\Logger\Logger.h">
      <Filter>NetLibrary\Logger</Filter>
    </ClInclude>
    <ClInclude Include="NetLibrary\Memory\LockFreeObjectPool.h">
      <Filter>NetLibrary\Memory</Filter>
    </ClInclude>
    <ClInclude Include="NetLibrary\Memory\ObjectPool.h">
      <Filter>NetLibrary\Memory</Filter>
    </ClInclude>
    <ClInclude Include="NetLibrary\Memory\OverflowChecker.h">
      <Filter>NetLibrary\Memory</Filter>
    </ClInclude>
    <ClInclude Include="NetLibrary\Memory\TlsObjectPool.h">
      <Filter>NetLibrary\Memory</Filter>
    </ClInclude>
    <ClInclude Include="NetLibrary\NetServer\NetServer.h">
      <Filter>NetLibrary\NetServer</Filter>
    </ClInclude>
    <ClInclude Include="NetLibrary\NetServer\NetUtils.h">
      <Filter>NetLibrary\NetServer</Filter>
    </ClInclude>
    <ClInclude Include="NetLibrary\NetServer\NetworkHeader.h">
      <Filter>NetLibrary\NetServer</Filter>
    </ClInclude>
    <ClInclude Include="NetLibrary\NetServer\RingBuffer.h">
      <Filter>NetLibrary\NetServer</Filter>
    </ClInclude>
    <ClInclude Include="NetLibrary\NetServer\Serializer.h">
      <Filter>NetLibrary\NetServer</Filter>
    </ClInclude>
    <ClInclude Include="NetLibrary\NetServer\Session.h">
      <Filter>NetLibrary\NetServer</Filter>
    </ClInclude>
    <ClInclude Include="NetLibrary\Tool\ConfigReader.h">
      <Filter>NetLibrary\Tool</Filter>
    </ClInclude>
    <ClInclude Include="NetLibrary\Tool\CpuUsageMonitor.h">
      <Filter>NetLibrary\Tool</Filter>
    </ClInclude>
    <ClInclude Include="NetLibrary\Profiler\Profiler.h">
      <Filter>NetLibrary\Profiler</Filter>
    </ClInclude>
    <ClInclude Include="Protocol.h">
      <Filter>ChatServer</Filter>
    </ClInclude>
    <ClInclude Include="Work.h">
      <Filter>ChatServer</Filter>
    </ClInclude>
    <ClInclude Include="ChatServer.h">
      <Filter>ChatServer</Filter>
    </ClInclude>
    <ClInclude Include="Player.h">
      <Filter>ChatServer</Filter>
    </ClInclude>
    <ClInclude Include="MonitorClient.h">
      <Filter>ChatServer</Filter>
    </ClInclude>
    <ClInclude Include="NetLibrary\NetServer\NetClient.h">
      <Filter>NetLibrary\NetServer</Filter>
    </ClInclude>
  </ItemGroup>
  <ItemGroup>
    <None Include="ChatServer.config">
      <Filter>ChatServer</Filter>
    </None>
  </ItemGroup>
</Project>